
Microsoft Visual Studio Solution File, Format Version 12.00
# Visual Studio Version 17
VisualStudioVersion = 17.7.34018.315
MinimumVisualStudioVersion = 10.0.40219.1
Project("{9A19103F-16F7-4668-BE54-9A1E7A4F7556}") = "skullOS.Core", "skullOS.Core\skullOS.Core.csproj", "{464B162B-62FC-49CC-A6AB-72DBE959DD8C}"
EndProject
Project("{9A19103F-16F7-4668-BE54-9A1E7A4F7556}") = "skullOS", "skullOS\skullOS.csproj", "{6D3C5D36-0002-4EFD-A3B9-0924D6D3CCD8}"
	ProjectSection(ProjectDependencies) = postProject
		{464B162B-62FC-49CC-A6AB-72DBE959DD8C} = {464B162B-62FC-49CC-A6AB-72DBE959DD8C}
		{5E1EC385-4B61-4E8C-82C7-46695A33AC72} = {5E1EC385-4B61-4E8C-82C7-46695A33AC72}
		{DE800E5A-E68B-4BCA-AC99-4BC9DB44FD56} = {DE800E5A-E68B-4BCA-AC99-4BC9DB44FD56}
	EndProjectSection
EndProject
Project("{2150E333-8FDC-42A3-9474-1A3956D46DE8}") = "Tests", "Tests", "{B50B951E-DF9B-49DD-9CAC-ED8B01C6B1E7}"
EndProject
Project("{2150E333-8FDC-42A3-9474-1A3956D46DE8}") = "Solution Items", "Solution Items", "{EE38A10C-F0BB-40B5-B1E6-8CB16C6E452C}"
	ProjectSection(SolutionItems) = preProject
		Pinout.md = Pinout.md
	EndProjectSection
EndProject
Project("{9A19103F-16F7-4668-BE54-9A1E7A4F7556}") = "skullOS.API", "skullOS.API\skullOS.API.csproj", "{5E1EC385-4B61-4E8C-82C7-46695A33AC72}"
	ProjectSection(ProjectDependencies) = postProject
		{464B162B-62FC-49CC-A6AB-72DBE959DD8C} = {464B162B-62FC-49CC-A6AB-72DBE959DD8C}
		{DE800E5A-E68B-4BCA-AC99-4BC9DB44FD56} = {DE800E5A-E68B-4BCA-AC99-4BC9DB44FD56}
	EndProjectSection
EndProject
Project("{9A19103F-16F7-4668-BE54-9A1E7A4F7556}") = "skullOS.Modules", "skullOS.Modules\skullOS.Modules.csproj", "{DE800E5A-E68B-4BCA-AC99-4BC9DB44FD56}"
	ProjectSection(ProjectDependencies) = postProject
		{3CBE1B63-957B-43B6-939D-070EAC517C7C} = {3CBE1B63-957B-43B6-939D-070EAC517C7C}
		{464B162B-62FC-49CC-A6AB-72DBE959DD8C} = {464B162B-62FC-49CC-A6AB-72DBE959DD8C}
	EndProjectSection
EndProject
Project("{9A19103F-16F7-4668-BE54-9A1E7A4F7556}") = "skullOS.HardwareServices", "skullOS.HardwareServices\skullOS.HardwareServices.csproj", "{3CBE1B63-957B-43B6-939D-070EAC517C7C}"
EndProject
Project("{9A19103F-16F7-4668-BE54-9A1E7A4F7556}") = "ServoSkullDemo", "MiscFiles\ServoSkullDemo\ServoSkullDemo.csproj", "{0B0F89D7-32B6-4E20-B676-44F70E7B5352}"
EndProject
Global
	GlobalSection(SolutionConfigurationPlatforms) = preSolution
		Debug|Any CPU = Debug|Any CPU
		Debug|ARM64 = Debug|ARM64
		Release|Any CPU = Release|Any CPU
		Release|ARM64 = Release|ARM64
	EndGlobalSection
	GlobalSection(ProjectConfigurationPlatforms) = postSolution
		{464B162B-62FC-49CC-A6AB-72DBE959DD8C}.Debug|Any CPU.ActiveCfg = Debug|Any CPU
		{464B162B-62FC-49CC-A6AB-72DBE959DD8C}.Debug|Any CPU.Build.0 = Debug|Any CPU
		{464B162B-62FC-49CC-A6AB-72DBE959DD8C}.Debug|ARM64.ActiveCfg = Debug|Any CPU
		{464B162B-62FC-49CC-A6AB-72DBE959DD8C}.Debug|ARM64.Build.0 = Debug|Any CPU
		{464B162B-62FC-49CC-A6AB-72DBE959DD8C}.Release|Any CPU.ActiveCfg = Release|Any CPU
		{464B162B-62FC-49CC-A6AB-72DBE959DD8C}.Release|Any CPU.Build.0 = Release|Any CPU
		{464B162B-62FC-49CC-A6AB-72DBE959DD8C}.Release|ARM64.ActiveCfg = Release|Any CPU
		{464B162B-62FC-49CC-A6AB-72DBE959DD8C}.Release|ARM64.Build.0 = Release|Any CPU
		{6D3C5D36-0002-4EFD-A3B9-0924D6D3CCD8}.Debug|Any CPU.ActiveCfg = Debug|Any CPU
		{6D3C5D36-0002-4EFD-A3B9-0924D6D3CCD8}.Debug|Any CPU.Build.0 = Debug|Any CPU
		{6D3C5D36-0002-4EFD-A3B9-0924D6D3CCD8}.Debug|ARM64.ActiveCfg = Debug|Any CPU
		{6D3C5D36-0002-4EFD-A3B9-0924D6D3CCD8}.Debug|ARM64.Build.0 = Debug|Any CPU
		{6D3C5D36-0002-4EFD-A3B9-0924D6D3CCD8}.Release|Any CPU.ActiveCfg = Release|Any CPU
		{6D3C5D36-0002-4EFD-A3B9-0924D6D3CCD8}.Release|Any CPU.Build.0 = Release|Any CPU
		{6D3C5D36-0002-4EFD-A3B9-0924D6D3CCD8}.Release|ARM64.ActiveCfg = Release|Any CPU
		{6D3C5D36-0002-4EFD-A3B9-0924D6D3CCD8}.Release|ARM64.Build.0 = Release|Any CPU
		{5E1EC385-4B61-4E8C-82C7-46695A33AC72}.Debug|Any CPU.ActiveCfg = Debug|Any CPU
		{5E1EC385-4B61-4E8C-82C7-46695A33AC72}.Debug|Any CPU.Build.0 = Debug|Any CPU
		{5E1EC385-4B61-4E8C-82C7-46695A33AC72}.Debug|ARM64.ActiveCfg = Debug|Any CPU
		{5E1EC385-4B61-4E8C-82C7-46695A33AC72}.Debug|ARM64.Build.0 = Debug|Any CPU
		{5E1EC385-4B61-4E8C-82C7-46695A33AC72}.Release|Any CPU.ActiveCfg = Release|Any CPU
		{5E1EC385-4B61-4E8C-82C7-46695A33AC72}.Release|Any CPU.Build.0 = Release|Any CPU
		{5E1EC385-4B61-4E8C-82C7-46695A33AC72}.Release|ARM64.ActiveCfg = Release|Any CPU
		{5E1EC385-4B61-4E8C-82C7-46695A33AC72}.Release|ARM64.Build.0 = Release|Any CPU
		{DE800E5A-E68B-4BCA-AC99-4BC9DB44FD56}.Debug|Any CPU.ActiveCfg = Debug|Any CPU
		{DE800E5A-E68B-4BCA-AC99-4BC9DB44FD56}.Debug|Any CPU.Build.0 = Debug|Any CPU
		{DE800E5A-E68B-4BCA-AC99-4BC9DB44FD56}.Debug|ARM64.ActiveCfg = Debug|Any CPU
		{DE800E5A-E68B-4BCA-AC99-4BC9DB44FD56}.Debug|ARM64.Build.0 = Debug|Any CPU
		{DE800E5A-E68B-4BCA-AC99-4BC9DB44FD56}.Release|Any CPU.ActiveCfg = Release|Any CPU
		{DE800E5A-E68B-4BCA-AC99-4BC9DB44FD56}.Release|Any CPU.Build.0 = Release|Any CPU
		{DE800E5A-E68B-4BCA-AC99-4BC9DB44FD56}.Release|ARM64.ActiveCfg = Release|Any CPU
		{DE800E5A-E68B-4BCA-AC99-4BC9DB44FD56}.Release|ARM64.Build.0 = Release|Any CPU
		{3CBE1B63-957B-43B6-939D-070EAC517C7C}.Debug|Any CPU.ActiveCfg = Debug|Any CPU
		{3CBE1B63-957B-43B6-939D-070EAC517C7C}.Debug|Any CPU.Build.0 = Debug|Any CPU
		{3CBE1B63-957B-43B6-939D-070EAC517C7C}.Debug|ARM64.ActiveCfg = Debug|Any CPU
		{3CBE1B63-957B-43B6-939D-070EAC517C7C}.Debug|ARM64.Build.0 = Debug|Any CPU
		{3CBE1B63-957B-43B6-939D-070EAC517C7C}.Release|Any CPU.ActiveCfg = Release|Any CPU
		{3CBE1B63-957B-43B6-939D-070EAC517C7C}.Release|Any CPU.Build.0 = Release|Any CPU
		{3CBE1B63-957B-43B6-939D-070EAC517C7C}.Release|ARM64.ActiveCfg = Release|Any CPU
		{3CBE1B63-957B-43B6-939D-070EAC517C7C}.Release|ARM64.Build.0 = Release|Any CPU
		{0B0F89D7-32B6-4E20-B676-44F70E7B5352}.Debug|Any CPU.ActiveCfg = Debug|Any CPU
		{0B0F89D7-32B6-4E20-B676-44F70E7B5352}.Debug|Any CPU.Build.0 = Debug|Any CPU
		{0B0F89D7-32B6-4E20-B676-44F70E7B5352}.Debug|ARM64.ActiveCfg = Debug|Any CPU
		{0B0F89D7-32B6-4E20-B676-44F70E7B5352}.Debug|ARM64.Build.0 = Debug|Any CPU
		{0B0F89D7-32B6-4E20-B676-44F70E7B5352}.Release|Any CPU.ActiveCfg = Release|Any CPU
		{0B0F89D7-32B6-4E20-B676-44F70E7B5352}.Release|Any CPU.Build.0 = Release|Any CPU
		{0B0F89D7-32B6-4E20-B676-44F70E7B5352}.Release|ARM64.ActiveCfg = Release|Any CPU
		{0B0F89D7-32B6-4E20-B676-44F70E7B5352}.Release|ARM64.Build.0 = Release|Any CPU
	EndGlobalSection
	GlobalSection(SolutionProperties) = preSolution
		HideSolutionNode = FALSE
	EndGlobalSection
	GlobalSection(NestedProjects) = preSolution
		{0B0F89D7-32B6-4E20-B676-44F70E7B5352} = {EE38A10C-F0BB-40B5-B1E6-8CB16C6E452C}
	EndGlobalSection
	GlobalSection(ExtensibilityGlobals) = postSolution
		SolutionGuid = {FA7BE016-5699-47F3-A654-08A907CE1F11}
	EndGlobalSection
EndGlobal
