
Microsoft Visual Studio Solution File, Format Version 12.00
# Visual Studio Version 17
VisualStudioVersion = 17.7.34018.315
MinimumVisualStudioVersion = 10.0.40219.1
Project("{9A19103F-16F7-4668-BE54-9A1E7A4F7556}") = "ServoSkullDemo", "ServoSkullDemo\ServoSkullDemo.csproj", "{7EA7E587-5434-4E16-8CDD-217D36A401D9}"
EndProject
Project("{9A19103F-16F7-4668-BE54-9A1E7A4F7556}") = "skullOS.Core", "skullOS.Core\skullOS.Core.csproj", "{464B162B-62FC-49CC-A6AB-72DBE959DD8C}"
EndProject
Project("{9A19103F-16F7-4668-BE54-9A1E7A4F7556}") = "skullOS", "skullOS\skullOS.csproj", "{6D3C5D36-0002-4EFD-A3B9-0924D6D3CCD8}"
	ProjectSection(ProjectDependencies) = postProject
		{9AC8960C-539A-4B2C-9D24-5169AF4337FA} = {9AC8960C-539A-4B2C-9D24-5169AF4337FA}
	EndProjectSection
EndProject
Project("{9A19103F-16F7-4668-BE54-9A1E7A4F7556}") = "skullOS.Camera", "skullOS.Camera\skullOS.Camera.csproj", "{D4E9CB35-2264-4717-BDB6-7797E84B5DFE}"
EndProject
Project("{9A19103F-16F7-4668-BE54-9A1E7A4F7556}") = "skullOS.Input", "skullOS.Input\skullOS.Input.csproj", "{FDE1F7EA-F552-4B2E-990E-327612D46939}"
	ProjectSection(ProjectDependencies) = postProject
		{6D3C5D36-0002-4EFD-A3B9-0924D6D3CCD8} = {6D3C5D36-0002-4EFD-A3B9-0924D6D3CCD8}
	EndProjectSection
EndProject
Project("{9A19103F-16F7-4668-BE54-9A1E7A4F7556}") = "skullOS.Tests", "skullOS.Tests\skullOS.Tests.csproj", "{9B4C6E1D-BE16-40F3-AFB7-369ACA5BFDBC}"
EndProject
Project("{9A19103F-16F7-4668-BE54-9A1E7A4F7556}") = "skullOS.Camera.Tests", "skullOS.Camera.Tests\skullOS.Camera.Tests.csproj", "{45513FCC-E0E9-4C2A-A48F-239A380347BC}"
EndProject
Project("{9A19103F-16F7-4668-BE54-9A1E7A4F7556}") = "skullOS.Input.Tests", "skullOS.Input.Tests\skullOS.Input.Tests.csproj", "{237A08B2-E8F4-4384-A894-4C356CE45E92}"
EndProject
Project("{9A19103F-16F7-4668-BE54-9A1E7A4F7556}") = "skullOS.Core.Tests", "skullOS.Core.Tests\skullOS.Core.Tests.csproj", "{BA89208E-E059-45A3-8A0D-4052063C79D4}"
EndProject
Project("{2150E333-8FDC-42A3-9474-1A3956D46DE8}") = "Tests", "Tests", "{B50B951E-DF9B-49DD-9CAC-ED8B01C6B1E7}"
EndProject
Project("{FAE04EC0-301F-11D3-BF4B-00C04F79EFBC}") = "skullOS.Output", "skullOS.Output\skullOS.Output.csproj", "{9AC8960C-539A-4B2C-9D24-5169AF4337FA}"
	ProjectSection(ProjectDependencies) = postProject
		{464B162B-62FC-49CC-A6AB-72DBE959DD8C} = {464B162B-62FC-49CC-A6AB-72DBE959DD8C}
	EndProjectSection
EndProject
Global
	GlobalSection(SolutionConfigurationPlatforms) = preSolution
		Debug|Any CPU = Debug|Any CPU
		Release|Any CPU = Release|Any CPU
	EndGlobalSection
	GlobalSection(ProjectConfigurationPlatforms) = postSolution
		{7EA7E587-5434-4E16-8CDD-217D36A401D9}.Debug|Any CPU.ActiveCfg = Debug|Any CPU
		{7EA7E587-5434-4E16-8CDD-217D36A401D9}.Debug|Any CPU.Build.0 = Debug|Any CPU
		{7EA7E587-5434-4E16-8CDD-217D36A401D9}.Release|Any CPU.ActiveCfg = Release|Any CPU
		{7EA7E587-5434-4E16-8CDD-217D36A401D9}.Release|Any CPU.Build.0 = Release|Any CPU
		{464B162B-62FC-49CC-A6AB-72DBE959DD8C}.Debug|Any CPU.ActiveCfg = Debug|Any CPU
		{464B162B-62FC-49CC-A6AB-72DBE959DD8C}.Debug|Any CPU.Build.0 = Debug|Any CPU
		{464B162B-62FC-49CC-A6AB-72DBE959DD8C}.Release|Any CPU.ActiveCfg = Release|Any CPU
		{464B162B-62FC-49CC-A6AB-72DBE959DD8C}.Release|Any CPU.Build.0 = Release|Any CPU
		{6D3C5D36-0002-4EFD-A3B9-0924D6D3CCD8}.Debug|Any CPU.ActiveCfg = Debug|Any CPU
		{6D3C5D36-0002-4EFD-A3B9-0924D6D3CCD8}.Debug|Any CPU.Build.0 = Debug|Any CPU
		{6D3C5D36-0002-4EFD-A3B9-0924D6D3CCD8}.Release|Any CPU.ActiveCfg = Release|Any CPU
		{6D3C5D36-0002-4EFD-A3B9-0924D6D3CCD8}.Release|Any CPU.Build.0 = Release|Any CPU
		{D4E9CB35-2264-4717-BDB6-7797E84B5DFE}.Debug|Any CPU.ActiveCfg = Debug|Any CPU
		{D4E9CB35-2264-4717-BDB6-7797E84B5DFE}.Debug|Any CPU.Build.0 = Debug|Any CPU
		{D4E9CB35-2264-4717-BDB6-7797E84B5DFE}.Release|Any CPU.ActiveCfg = Release|Any CPU
		{D4E9CB35-2264-4717-BDB6-7797E84B5DFE}.Release|Any CPU.Build.0 = Release|Any CPU
		{FDE1F7EA-F552-4B2E-990E-327612D46939}.Debug|Any CPU.ActiveCfg = Debug|Any CPU
		{FDE1F7EA-F552-4B2E-990E-327612D46939}.Debug|Any CPU.Build.0 = Debug|Any CPU
		{FDE1F7EA-F552-4B2E-990E-327612D46939}.Release|Any CPU.ActiveCfg = Release|Any CPU
		{FDE1F7EA-F552-4B2E-990E-327612D46939}.Release|Any CPU.Build.0 = Release|Any CPU
		{9B4C6E1D-BE16-40F3-AFB7-369ACA5BFDBC}.Debug|Any CPU.ActiveCfg = Debug|Any CPU
		{9B4C6E1D-BE16-40F3-AFB7-369ACA5BFDBC}.Debug|Any CPU.Build.0 = Debug|Any CPU
		{9B4C6E1D-BE16-40F3-AFB7-369ACA5BFDBC}.Release|Any CPU.ActiveCfg = Release|Any CPU
		{9B4C6E1D-BE16-40F3-AFB7-369ACA5BFDBC}.Release|Any CPU.Build.0 = Release|Any CPU
		{45513FCC-E0E9-4C2A-A48F-239A380347BC}.Debug|Any CPU.ActiveCfg = Debug|Any CPU
		{45513FCC-E0E9-4C2A-A48F-239A380347BC}.Debug|Any CPU.Build.0 = Debug|Any CPU
		{45513FCC-E0E9-4C2A-A48F-239A380347BC}.Release|Any CPU.ActiveCfg = Release|Any CPU
		{45513FCC-E0E9-4C2A-A48F-239A380347BC}.Release|Any CPU.Build.0 = Release|Any CPU
		{237A08B2-E8F4-4384-A894-4C356CE45E92}.Debug|Any CPU.ActiveCfg = Debug|Any CPU
		{237A08B2-E8F4-4384-A894-4C356CE45E92}.Debug|Any CPU.Build.0 = Debug|Any CPU
		{237A08B2-E8F4-4384-A894-4C356CE45E92}.Release|Any CPU.ActiveCfg = Release|Any CPU
		{237A08B2-E8F4-4384-A894-4C356CE45E92}.Release|Any CPU.Build.0 = Release|Any CPU
		{BA89208E-E059-45A3-8A0D-4052063C79D4}.Debug|Any CPU.ActiveCfg = Debug|Any CPU
		{BA89208E-E059-45A3-8A0D-4052063C79D4}.Debug|Any CPU.Build.0 = Debug|Any CPU
		{BA89208E-E059-45A3-8A0D-4052063C79D4}.Release|Any CPU.ActiveCfg = Release|Any CPU
		{BA89208E-E059-45A3-8A0D-4052063C79D4}.Release|Any CPU.Build.0 = Release|Any CPU
		{9AC8960C-539A-4B2C-9D24-5169AF4337FA}.Debug|Any CPU.ActiveCfg = Debug|Any CPU
		{9AC8960C-539A-4B2C-9D24-5169AF4337FA}.Debug|Any CPU.Build.0 = Debug|Any CPU
		{9AC8960C-539A-4B2C-9D24-5169AF4337FA}.Release|Any CPU.ActiveCfg = Release|Any CPU
		{9AC8960C-539A-4B2C-9D24-5169AF4337FA}.Release|Any CPU.Build.0 = Release|Any CPU
	EndGlobalSection
	GlobalSection(SolutionProperties) = preSolution
		HideSolutionNode = FALSE
	EndGlobalSection
	GlobalSection(NestedProjects) = preSolution
		{9B4C6E1D-BE16-40F3-AFB7-369ACA5BFDBC} = {B50B951E-DF9B-49DD-9CAC-ED8B01C6B1E7}
		{45513FCC-E0E9-4C2A-A48F-239A380347BC} = {B50B951E-DF9B-49DD-9CAC-ED8B01C6B1E7}
		{237A08B2-E8F4-4384-A894-4C356CE45E92} = {B50B951E-DF9B-49DD-9CAC-ED8B01C6B1E7}
		{BA89208E-E059-45A3-8A0D-4052063C79D4} = {B50B951E-DF9B-49DD-9CAC-ED8B01C6B1E7}
	EndGlobalSection
	GlobalSection(ExtensibilityGlobals) = postSolution
		SolutionGuid = {FA7BE016-5699-47F3-A654-08A907CE1F11}
	EndGlobalSection
EndGlobal
